
Microsoft Visual Studio Solution File, Format Version 12.00
# Visual Studio Version 16
VisualStudioVersion = 16.0.30011.22
MinimumVisualStudioVersion = 10.0.40219.1
Project("{9A19103F-16F7-4668-BE54-9A1E7A4F7556}") = "ShaipAgency", "ShaipAgency\ShaipAgency.csproj", "{E236B12B-7FF6-4D73-BBDE-19FB1CFF9765}"
EndProject
Project("{9A19103F-16F7-4668-BE54-9A1E7A4F7556}") = "DevExpress.Blazor.DocumentMetadata", "DevExpress.Blazor.DocumentMetadata\DevExpress.Blazor.DocumentMetadata.csproj", "{8C907407-4BDE-4114-AF1B-D4E84230E322}"
EndProject
Project("{00D1A9C2-B5F0-4AF3-8072-F6C62B433612}") = "ShaipAgency.MSSQLDB", "ShaipAgency.MSSQLDB\ShaipAgency.MSSQLDB.sqlproj", "{0097B838-BA94-43C3-A683-E00C9166B5EB}"
EndProject
Global
	GlobalSection(SolutionConfigurationPlatforms) = preSolution
		Debug|Any CPU = Debug|Any CPU
		Release|Any CPU = Release|Any CPU
	EndGlobalSection
	GlobalSection(ProjectConfigurationPlatforms) = postSolution
		{E236B12B-7FF6-4D73-BBDE-19FB1CFF9765}.Debug|Any CPU.ActiveCfg = Debug|Any CPU
		{E236B12B-7FF6-4D73-BBDE-19FB1CFF9765}.Debug|Any CPU.Build.0 = Debug|Any CPU
		{E236B12B-7FF6-4D73-BBDE-19FB1CFF9765}.Release|Any CPU.ActiveCfg = Release|Any CPU
		{E236B12B-7FF6-4D73-BBDE-19FB1CFF9765}.Release|Any CPU.Build.0 = Release|Any CPU
		{8C907407-4BDE-4114-AF1B-D4E84230E322}.Debug|Any CPU.ActiveCfg = Debug|Any CPU
		{8C907407-4BDE-4114-AF1B-D4E84230E322}.Debug|Any CPU.Build.0 = Debug|Any CPU
		{8C907407-4BDE-4114-AF1B-D4E84230E322}.Release|Any CPU.ActiveCfg = Release|Any CPU
		{8C907407-4BDE-4114-AF1B-D4E84230E322}.Release|Any CPU.Build.0 = Release|Any CPU
		{0097B838-BA94-43C3-A683-E00C9166B5EB}.Debug|Any CPU.ActiveCfg = Debug|Any CPU
		{0097B838-BA94-43C3-A683-E00C9166B5EB}.Debug|Any CPU.Build.0 = Debug|Any CPU
		{0097B838-BA94-43C3-A683-E00C9166B5EB}.Debug|Any CPU.Deploy.0 = Debug|Any CPU
		{0097B838-BA94-43C3-A683-E00C9166B5EB}.Release|Any CPU.ActiveCfg = Release|Any CPU
		{0097B838-BA94-43C3-A683-E00C9166B5EB}.Release|Any CPU.Build.0 = Release|Any CPU
		{0097B838-BA94-43C3-A683-E00C9166B5EB}.Release|Any CPU.Deploy.0 = Release|Any CPU
	EndGlobalSection
	GlobalSection(SolutionProperties) = preSolution
		HideSolutionNode = FALSE
	EndGlobalSection
	GlobalSection(ExtensibilityGlobals) = postSolution
		SolutionGuid = {0655C3ED-0308-4473-B08E-ADC610C15C50}
	EndGlobalSection
EndGlobal
